
Microsoft Visual Studio Solution File, Format Version 12.00
# Visual Studio Version 16
VisualStudioVersion = 16.0.33927.289
MinimumVisualStudioVersion = 10.0.40219.1
Project("{2150E333-8FDC-42A3-9474-1A3956D46DE8}") = "Task0", "Task0", "{0EDD84E2-E187-409E-87EA-D2BCA02E9DA4}"
EndProject
Project("{FAE04EC0-301F-11D3-BF4B-00C04F79EFBC}") = "Tyuiu.PimenovaTS.Sprint0.Task0.V0", "Tyuiu.PimenovaTS.Srint0.Task0.V0\Tyuiu.PimenovaTS.Sprint0.Task0.V0.csproj", "{473BCD36-2E27-47C2-96AA-00100FF38FD3}"
EndProject
Project("{2150E333-8FDC-42A3-9474-1A3956D46DE8}") = "Task1", "Task1", "{2BFDB6C2-5E96-45D7-8754-661EE8543004}"
EndProject
Project("{FAE04EC0-301F-11D3-BF4B-00C04F79EFBC}") = "Tyuiu.PimenovaTS.Sprint0.Task1.V0", "Tyuiu.PimenovaTS.Sprint0.Task1.V0\Tyuiu.PimenovaTS.Sprint0.Task1.V0.csproj", "{A62C4B1F-EC38-482A-BD38-B9DC4D3A4472}"
EndProject
Project("{2150E333-8FDC-42A3-9474-1A3956D46DE8}") = "Task2", "Task2", "{10CAACD3-B08E-4946-8403-4AFF908B453B}"
EndProject
Project("{FAE04EC0-301F-11D3-BF4B-00C04F79EFBC}") = "Tyuiu.PimenovaTS.Sprint0.Task2.V0", "Tyuiu.PimenovaTS.Sprint0.Task2.V0\Tyuiu.PimenovaTS.Sprint0.Task2.V0.csproj", "{EB195130-0BE1-4833-BA06-6A096BF46863}"
EndProject
Project("{FAE04EC0-301F-11D3-BF4B-00C04F79EFBC}") = "Tyuiu.PimenovaTS.Sprint0.Task2.V0.Lib", "Tyuiu.PimenovaTS.Sprint0.Task2.V0.Lib\Tyuiu.PimenovaTS.Sprint0.Task2.V0.Lib.csproj", "{E359625F-B561-402F-B814-7AFB2E15BB28}"
EndProject
Project("{FAE04EC0-301F-11D3-BF4B-00C04F79EFBC}") = "Tyuiu.PimenovaTS.Sprint0.Task2.V0.Test", "Tyuiu.PimenovaTS.Sprint0.Task2.V0.Test\Tyuiu.PimenovaTS.Sprint0.Task2.V0.Test.csproj", "{96DFF71B-0D88-4C15-AEED-AE3DBA636A0B}"
EndProject
Project("{2150E333-8FDC-42A3-9474-1A3956D46DE8}") = "Task3", "Task3", "{684F242F-C7D5-4B87-A6D9-42AFB72CE883}"
EndProject
Project("{FAE04EC0-301F-11D3-BF4B-00C04F79EFBC}") = "Tyuiu.PimenovaTS.Sprint0.Task3.V0", "Tyuiu.PimenovaTS.Sprint0.Task3.V0\Tyuiu.PimenovaTS.Sprint0.Task3.V0.csproj", "{8A359002-8002-4788-A8E6-9E74317D0A8D}"
EndProject
Project("{FAE04EC0-301F-11D3-BF4B-00C04F79EFBC}") = "Tyuiu.PimenovaTS.Sprint0.Task3.V0.Lib", "Tyuiu.PimenovaTS.Sprint0.Task3.V0.Lib\Tyuiu.PimenovaTS.Sprint0.Task3.V0.Lib.csproj", "{5155F293-AD9F-456A-9D7A-A5CD5F56A5E6}"
EndProject
Project("{FAE04EC0-301F-11D3-BF4B-00C04F79EFBC}") = "Tyuiu.PimenovaTS.Sprint0.Task3.V0.Test", "Tyuiu.PimenovaTS.Sprint0.Task3.V0.Test\Tyuiu.PimenovaTS.Sprint0.Task3.V0.Test.csproj", "{4D9B4DF9-018D-4B0F-A744-EAC9BE2288E6}"
EndProject
Project("{2150E333-8FDC-42A3-9474-1A3956D46DE8}") = "Task4", "Task4", "{EC33B124-F396-4CC5-BE39-AA376EABE306}"
EndProject
Project("{FAE04EC0-301F-11D3-BF4B-00C04F79EFBC}") = "Tyuiu.PimenovaTS.Sprint0.Task4.V0", "Tyuiu.PimenovaTS.Sprint0.Task4.V0\Tyuiu.PimenovaTS.Sprint0.Task4.V0.csproj", "{374BE7CC-93E1-4DA2-8D09-11B88B7D44C6}"
EndProject
Project("{FAE04EC0-301F-11D3-BF4B-00C04F79EFBC}") = "Tyuiu.PimenovaTS.Sprint0.Task4.V0.Lib", "Tyuiu.PimenovaTS.Sprint0.Task4.V0.Lib\Tyuiu.PimenovaTS.Sprint0.Task4.V0.Lib.csproj", "{2D667FB4-2A45-42D7-A748-03E2C4A2271E}"
EndProject
Project("{FAE04EC0-301F-11D3-BF4B-00C04F79EFBC}") = "Tyuiu.PimenovaTS.Sprint0.Task4.V0.Test", "Tyuiu.PimenovaTS.Sprint0.Task4.V0.Test\Tyuiu.PimenovaTS.Sprint0.Task4.V0.Test.csproj", "{032B4867-D90C-4825-B86C-D4F9F92E9635}"
EndProject
Project("{2150E333-8FDC-42A3-9474-1A3956D46DE8}") = "Task5", "Task5", "{B794536C-7085-41F8-8E99-3823475A613C}"
EndProject
Project("{FAE04EC0-301F-11D3-BF4B-00C04F79EFBC}") = "Tyuiu.PimenovaTS.Sprint0.Task5.V0", "Tyuiu.PimenovaTS.Sprint0.Task5.V0\Tyuiu.PimenovaTS.Sprint0.Task5.V0.csproj", "{16923D14-DB7B-4797-9908-0BF1BFC7FF0A}"
EndProject
Project("{FAE04EC0-301F-11D3-BF4B-00C04F79EFBC}") = "Tyuiu.PimenovaTS.Sprint0.Task5.V0.Lib", "Tyuiu.PimenovaTS.Sprint0.Task5.V0.Lib\Tyuiu.PimenovaTS.Sprint0.Task5.V0.Lib.csproj", "{E91ED269-68AD-4069-82EC-88AED052BB3D}"
EndProject
Project("{FAE04EC0-301F-11D3-BF4B-00C04F79EFBC}") = "Tyuiu.PimenovaTS.Sprint0.Task5.V0.Test", "Tyuiu.PimenovaTS.Sprint0.Task5.V0.Test\Tyuiu.PimenovaTS.Sprint0.Task5.V0.Test.csproj", "{26FEC42C-C0D4-46C7-9733-A0E4B1EB9685}"
EndProject
Project("{2150E333-8FDC-42A3-9474-1A3956D46DE8}") = "Task6", "Task6", "{38F826F3-2E3A-41E9-815C-1DBEDF1C5F29}"
EndProject
Project("{FAE04EC0-301F-11D3-BF4B-00C04F79EFBC}") = "Tyuiu.PimenovaTS.Sprint0.Task6.V0", "Tyuiu.PimenovaTS.Sprint0.Task6.V01\Tyuiu.PimenovaTS.Sprint0.Task6.V0.csproj", "{86A8499C-4D6D-427F-A366-26445F1EAC98}"
EndProject
Project("{FAE04EC0-301F-11D3-BF4B-00C04F79EFBC}") = "Tyuiu.PimenovaTS.Sprint0.Task6.V0.Lib", "Tyuiu.PimenovaTS.Sprint0.Task6.V0.Lib\Tyuiu.PimenovaTS.Sprint0.Task6.V0.Lib.csproj", "{94A424E9-3850-454F-A70E-5825B0DE4047}"
EndProject
Project("{FAE04EC0-301F-11D3-BF4B-00C04F79EFBC}") = "Tyuiu.PimenovaTS.Sprint0.Task6.V0.Test", "Tyuiu.PimenovaTS.Sprint0.Task6.V0.Test\Tyuiu.PimenovaTS.Sprint0.Task6.V0.Test.csproj", "{4D58A91D-0245-4D69-AB45-05F27FE731B1}"
EndProject
Project("{2150E333-8FDC-42A3-9474-1A3956D46DE8}") = "Task7", "Task7", "{72802D5B-927D-4293-A169-537E3EDAC0B6}"
EndProject
Project("{FAE04EC0-301F-11D3-BF4B-00C04F79EFBC}") = "Tyuiu.PimenovaTS.Sprint0.Task7.V0", "Tyuiu.PimenovaTS.Sprint0.Task7.V0\Tyuiu.PimenovaTS.Sprint0.Task7.V0.csproj", "{A50A3A59-26F0-485A-89D7-BF7B49B8DA90}"
EndProject
Project("{FAE04EC0-301F-11D3-BF4B-00C04F79EFBC}") = "Tyuiu.PimenovaTS.Sprint0.Task7.V0.Lib", "Tyuiu.PimenovaTS.Sprint0.Task7.V0.Lib\Tyuiu.PimenovaTS.Sprint0.Task7.V0.Lib.csproj", "{888B79B9-112B-470E-A69F-7CE6C1708122}"
EndProject
Project("{FAE04EC0-301F-11D3-BF4B-00C04F79EFBC}") = "Tyuiu.PimenovaTS.Sprint0.Task7.V0.Test", "Tyuiu.PimenovaTS.Sprint0.Task7.V0.Test\Tyuiu.PimenovaTS.Sprint0.Task7.V0.Test.csproj", "{8D2247D0-1306-42E7-9924-69D8F25BC46B}"
EndProject
Global
	GlobalSection(SolutionConfigurationPlatforms) = preSolution
		Debug|Any CPU = Debug|Any CPU
		Release|Any CPU = Release|Any CPU
	EndGlobalSection
	GlobalSection(ProjectConfigurationPlatforms) = postSolution
		{473BCD36-2E27-47C2-96AA-00100FF38FD3}.Debug|Any CPU.ActiveCfg = Debug|Any CPU
		{473BCD36-2E27-47C2-96AA-00100FF38FD3}.Debug|Any CPU.Build.0 = Debug|Any CPU
		{473BCD36-2E27-47C2-96AA-00100FF38FD3}.Release|Any CPU.ActiveCfg = Release|Any CPU
		{473BCD36-2E27-47C2-96AA-00100FF38FD3}.Release|Any CPU.Build.0 = Release|Any CPU
		{A62C4B1F-EC38-482A-BD38-B9DC4D3A4472}.Debug|Any CPU.ActiveCfg = Debug|Any CPU
		{A62C4B1F-EC38-482A-BD38-B9DC4D3A4472}.Debug|Any CPU.Build.0 = Debug|Any CPU
		{A62C4B1F-EC38-482A-BD38-B9DC4D3A4472}.Release|Any CPU.ActiveCfg = Release|Any CPU
		{A62C4B1F-EC38-482A-BD38-B9DC4D3A4472}.Release|Any CPU.Build.0 = Release|Any CPU
		{EB195130-0BE1-4833-BA06-6A096BF46863}.Debug|Any CPU.ActiveCfg = Debug|Any CPU
		{EB195130-0BE1-4833-BA06-6A096BF46863}.Debug|Any CPU.Build.0 = Debug|Any CPU
		{EB195130-0BE1-4833-BA06-6A096BF46863}.Release|Any CPU.ActiveCfg = Release|Any CPU
		{EB195130-0BE1-4833-BA06-6A096BF46863}.Release|Any CPU.Build.0 = Release|Any CPU
		{E359625F-B561-402F-B814-7AFB2E15BB28}.Debug|Any CPU.ActiveCfg = Debug|Any CPU
		{E359625F-B561-402F-B814-7AFB2E15BB28}.Debug|Any CPU.Build.0 = Debug|Any CPU
		{E359625F-B561-402F-B814-7AFB2E15BB28}.Release|Any CPU.ActiveCfg = Release|Any CPU
		{E359625F-B561-402F-B814-7AFB2E15BB28}.Release|Any CPU.Build.0 = Release|Any CPU
		{96DFF71B-0D88-4C15-AEED-AE3DBA636A0B}.Debug|Any CPU.ActiveCfg = Debug|Any CPU
		{96DFF71B-0D88-4C15-AEED-AE3DBA636A0B}.Debug|Any CPU.Build.0 = Debug|Any CPU
		{96DFF71B-0D88-4C15-AEED-AE3DBA636A0B}.Release|Any CPU.ActiveCfg = Release|Any CPU
		{96DFF71B-0D88-4C15-AEED-AE3DBA636A0B}.Release|Any CPU.Build.0 = Release|Any CPU
		{8A359002-8002-4788-A8E6-9E74317D0A8D}.Debug|Any CPU.ActiveCfg = Debug|Any CPU
		{8A359002-8002-4788-A8E6-9E74317D0A8D}.Debug|Any CPU.Build.0 = Debug|Any CPU
		{8A359002-8002-4788-A8E6-9E74317D0A8D}.Release|Any CPU.ActiveCfg = Release|Any CPU
		{8A359002-8002-4788-A8E6-9E74317D0A8D}.Release|Any CPU.Build.0 = Release|Any CPU
		{5155F293-AD9F-456A-9D7A-A5CD5F56A5E6}.Debug|Any CPU.ActiveCfg = Debug|Any CPU
		{5155F293-AD9F-456A-9D7A-A5CD5F56A5E6}.Debug|Any CPU.Build.0 = Debug|Any CPU
		{5155F293-AD9F-456A-9D7A-A5CD5F56A5E6}.Release|Any CPU.ActiveCfg = Release|Any CPU
		{5155F293-AD9F-456A-9D7A-A5CD5F56A5E6}.Release|Any CPU.Build.0 = Release|Any CPU
		{4D9B4DF9-018D-4B0F-A744-EAC9BE2288E6}.Debug|Any CPU.ActiveCfg = Debug|Any CPU
		{4D9B4DF9-018D-4B0F-A744-EAC9BE2288E6}.Debug|Any CPU.Build.0 = Debug|Any CPU
		{4D9B4DF9-018D-4B0F-A744-EAC9BE2288E6}.Release|Any CPU.ActiveCfg = Release|Any CPU
		{4D9B4DF9-018D-4B0F-A744-EAC9BE2288E6}.Release|Any CPU.Build.0 = Release|Any CPU
		{374BE7CC-93E1-4DA2-8D09-11B88B7D44C6}.Debug|Any CPU.ActiveCfg = Debug|Any CPU
		{374BE7CC-93E1-4DA2-8D09-11B88B7D44C6}.Debug|Any CPU.Build.0 = Debug|Any CPU
		{374BE7CC-93E1-4DA2-8D09-11B88B7D44C6}.Release|Any CPU.ActiveCfg = Release|Any CPU
		{374BE7CC-93E1-4DA2-8D09-11B88B7D44C6}.Release|Any CPU.Build.0 = Release|Any CPU
		{2D667FB4-2A45-42D7-A748-03E2C4A2271E}.Debug|Any CPU.ActiveCfg = Debug|Any CPU
		{2D667FB4-2A45-42D7-A748-03E2C4A2271E}.Debug|Any CPU.Build.0 = Debug|Any CPU
		{2D667FB4-2A45-42D7-A748-03E2C4A2271E}.Release|Any CPU.ActiveCfg = Release|Any CPU
		{2D667FB4-2A45-42D7-A748-03E2C4A2271E}.Release|Any CPU.Build.0 = Release|Any CPU
		{032B4867-D90C-4825-B86C-D4F9F92E9635}.Debug|Any CPU.ActiveCfg = Debug|Any CPU
		{032B4867-D90C-4825-B86C-D4F9F92E9635}.Debug|Any CPU.Build.0 = Debug|Any CPU
		{032B4867-D90C-4825-B86C-D4F9F92E9635}.Release|Any CPU.ActiveCfg = Release|Any CPU
		{032B4867-D90C-4825-B86C-D4F9F92E9635}.Release|Any CPU.Build.0 = Release|Any CPU
		{16923D14-DB7B-4797-9908-0BF1BFC7FF0A}.Debug|Any CPU.ActiveCfg = Debug|Any CPU
		{16923D14-DB7B-4797-9908-0BF1BFC7FF0A}.Debug|Any CPU.Build.0 = Debug|Any CPU
		{16923D14-DB7B-4797-9908-0BF1BFC7FF0A}.Release|Any CPU.ActiveCfg = Release|Any CPU
		{16923D14-DB7B-4797-9908-0BF1BFC7FF0A}.Release|Any CPU.Build.0 = Release|Any CPU
		{E91ED269-68AD-4069-82EC-88AED052BB3D}.Debug|Any CPU.ActiveCfg = Debug|Any CPU
		{E91ED269-68AD-4069-82EC-88AED052BB3D}.Debug|Any CPU.Build.0 = Debug|Any CPU
		{E91ED269-68AD-4069-82EC-88AED052BB3D}.Release|Any CPU.ActiveCfg = Release|Any CPU
		{E91ED269-68AD-4069-82EC-88AED052BB3D}.Release|Any CPU.Build.0 = Release|Any CPU
		{26FEC42C-C0D4-46C7-9733-A0E4B1EB9685}.Debug|Any CPU.ActiveCfg = Debug|Any CPU
		{26FEC42C-C0D4-46C7-9733-A0E4B1EB9685}.Debug|Any CPU.Build.0 = Debug|Any CPU
		{26FEC42C-C0D4-46C7-9733-A0E4B1EB9685}.Release|Any CPU.ActiveCfg = Release|Any CPU
		{26FEC42C-C0D4-46C7-9733-A0E4B1EB9685}.Release|Any CPU.Build.0 = Release|Any CPU
		{86A8499C-4D6D-427F-A366-26445F1EAC98}.Debug|Any CPU.ActiveCfg = Debug|Any CPU
		{86A8499C-4D6D-427F-A366-26445F1EAC98}.Debug|Any CPU.Build.0 = Debug|Any CPU
		{86A8499C-4D6D-427F-A366-26445F1EAC98}.Release|Any CPU.ActiveCfg = Release|Any CPU
		{86A8499C-4D6D-427F-A366-26445F1EAC98}.Release|Any CPU.Build.0 = Release|Any CPU
		{94A424E9-3850-454F-A70E-5825B0DE4047}.Debug|Any CPU.ActiveCfg = Debug|Any CPU
		{94A424E9-3850-454F-A70E-5825B0DE4047}.Debug|Any CPU.Build.0 = Debug|Any CPU
		{94A424E9-3850-454F-A70E-5825B0DE4047}.Release|Any CPU.ActiveCfg = Release|Any CPU
		{94A424E9-3850-454F-A70E-5825B0DE4047}.Release|Any CPU.Build.0 = Release|Any CPU
		{4D58A91D-0245-4D69-AB45-05F27FE731B1}.Debug|Any CPU.ActiveCfg = Debug|Any CPU
		{4D58A91D-0245-4D69-AB45-05F27FE731B1}.Debug|Any CPU.Build.0 = Debug|Any CPU
		{4D58A91D-0245-4D69-AB45-05F27FE731B1}.Release|Any CPU.ActiveCfg = Release|Any CPU
		{4D58A91D-0245-4D69-AB45-05F27FE731B1}.Release|Any CPU.Build.0 = Release|Any CPU
		{A50A3A59-26F0-485A-89D7-BF7B49B8DA90}.Debug|Any CPU.ActiveCfg = Debug|Any CPU
		{A50A3A59-26F0-485A-89D7-BF7B49B8DA90}.Debug|Any CPU.Build.0 = Debug|Any CPU
		{A50A3A59-26F0-485A-89D7-BF7B49B8DA90}.Release|Any CPU.ActiveCfg = Release|Any CPU
		{A50A3A59-26F0-485A-89D7-BF7B49B8DA90}.Release|Any CPU.Build.0 = Release|Any CPU
		{888B79B9-112B-470E-A69F-7CE6C1708122}.Debug|Any CPU.ActiveCfg = Debug|Any CPU
		{888B79B9-112B-470E-A69F-7CE6C1708122}.Debug|Any CPU.Build.0 = Debug|Any CPU
		{888B79B9-112B-470E-A69F-7CE6C1708122}.Release|Any CPU.ActiveCfg = Release|Any CPU
		{888B79B9-112B-470E-A69F-7CE6C1708122}.Release|Any CPU.Build.0 = Release|Any CPU
		{8D2247D0-1306-42E7-9924-69D8F25BC46B}.Debug|Any CPU.ActiveCfg = Debug|Any CPU
		{8D2247D0-1306-42E7-9924-69D8F25BC46B}.Debug|Any CPU.Build.0 = Debug|Any CPU
		{8D2247D0-1306-42E7-9924-69D8F25BC46B}.Release|Any CPU.ActiveCfg = Release|Any CPU
		{8D2247D0-1306-42E7-9924-69D8F25BC46B}.Release|Any CPU.Build.0 = Release|Any CPU
	EndGlobalSection
	GlobalSection(SolutionProperties) = preSolution
		HideSolutionNode = FALSE
	EndGlobalSection
	GlobalSection(NestedProjects) = preSolution
		{473BCD36-2E27-47C2-96AA-00100FF38FD3} = {0EDD84E2-E187-409E-87EA-D2BCA02E9DA4}
		{A62C4B1F-EC38-482A-BD38-B9DC4D3A4472} = {2BFDB6C2-5E96-45D7-8754-661EE8543004}
		{EB195130-0BE1-4833-BA06-6A096BF46863} = {10CAACD3-B08E-4946-8403-4AFF908B453B}
		{E359625F-B561-402F-B814-7AFB2E15BB28} = {10CAACD3-B08E-4946-8403-4AFF908B453B}
		{96DFF71B-0D88-4C15-AEED-AE3DBA636A0B} = {10CAACD3-B08E-4946-8403-4AFF908B453B}
		{8A359002-8002-4788-A8E6-9E74317D0A8D} = {684F242F-C7D5-4B87-A6D9-42AFB72CE883}
		{5155F293-AD9F-456A-9D7A-A5CD5F56A5E6} = {684F242F-C7D5-4B87-A6D9-42AFB72CE883}
		{4D9B4DF9-018D-4B0F-A744-EAC9BE2288E6} = {684F242F-C7D5-4B87-A6D9-42AFB72CE883}
		{374BE7CC-93E1-4DA2-8D09-11B88B7D44C6} = {EC33B124-F396-4CC5-BE39-AA376EABE306}
		{2D667FB4-2A45-42D7-A748-03E2C4A2271E} = {EC33B124-F396-4CC5-BE39-AA376EABE306}
		{032B4867-D90C-4825-B86C-D4F9F92E9635} = {EC33B124-F396-4CC5-BE39-AA376EABE306}
		{16923D14-DB7B-4797-9908-0BF1BFC7FF0A} = {B794536C-7085-41F8-8E99-3823475A613C}
		{E91ED269-68AD-4069-82EC-88AED052BB3D} = {B794536C-7085-41F8-8E99-3823475A613C}
		{26FEC42C-C0D4-46C7-9733-A0E4B1EB9685} = {B794536C-7085-41F8-8E99-3823475A613C}
		{86A8499C-4D6D-427F-A366-26445F1EAC98} = {38F826F3-2E3A-41E9-815C-1DBEDF1C5F29}
		{94A424E9-3850-454F-A70E-5825B0DE4047} = {38F826F3-2E3A-41E9-815C-1DBEDF1C5F29}
		{4D58A91D-0245-4D69-AB45-05F27FE731B1} = {38F826F3-2E3A-41E9-815C-1DBEDF1C5F29}
		{A50A3A59-26F0-485A-89D7-BF7B49B8DA90} = {72802D5B-927D-4293-A169-537E3EDAC0B6}
		{888B79B9-112B-470E-A69F-7CE6C1708122} = {72802D5B-927D-4293-A169-537E3EDAC0B6}
		{8D2247D0-1306-42E7-9924-69D8F25BC46B} = {72802D5B-927D-4293-A169-537E3EDAC0B6}
	EndGlobalSection
	GlobalSection(ExtensibilityGlobals) = postSolution
		SolutionGuid = {1EC88B2A-7CF6-4D01-B378-3F741C485365}
	EndGlobalSection
EndGlobal
